
Microsoft Visual Studio Solution File, Format Version 12.00
# Visual Studio Version 17
VisualStudioVersion = 17.6.33815.320
MinimumVisualStudioVersion = 10.0.40219.1
Project("{2150E333-8FDC-42A3-9474-1A3956D46DE8}") = "Engine", "Engine", "{209A5815-3025-4981-9EDC-B3810EC7B780}"
EndProject
Project("{2150E333-8FDC-42A3-9474-1A3956D46DE8}") = "Game", "Game", "{11901C8D-EAF7-4A6B-A8DC-7B6387D91DDF}"
EndProject
Project("{8BC9CEB8-8B4A-11D0-8D11-00A0C91BC942}") = "Audio", "Source\Engine\Audio\Audio.vcxproj", "{3F0B5D9E-2093-4738-8BB6-F792CDF647B8}"
EndProject
Project("{8BC9CEB8-8B4A-11D0-8D11-00A0C91BC942}") = "Core", "Source\Engine\Core\Core.vcxproj", "{2E09A753-3084-4C98-A6B2-EAB18911A2F7}"
EndProject
Project("{8BC9CEB8-8B4A-11D0-8D11-00A0C91BC942}") = "Framework", "Source\Engine\Framework\Framework.vcxproj", "{D174040A-9EA1-441C-B706-6DC272F19CCA}"
EndProject
Project("{8BC9CEB8-8B4A-11D0-8D11-00A0C91BC942}") = "Input", "Source\Engine\Input\Input.vcxproj", "{B7DD0AB3-1B52-4A05-93D6-3123BC2213CF}"
EndProject
Project("{8BC9CEB8-8B4A-11D0-8D11-00A0C91BC942}") = "Renderer", "Source\Engine\Renderer\Renderer.vcxproj", "{8BFAFF4D-36D7-4B42-A942-6DBA70A0792C}"
EndProject
Project("{8BC9CEB8-8B4A-11D0-8D11-00A0C91BC942}") = "Game", "Source\Game\Game\Game.vcxproj", "{263A328F-E0A4-428A-BB57-8EFDE6EE00B0}"
EndProject
Global
	GlobalSection(SolutionConfigurationPlatforms) = preSolution
		Debug|x64 = Debug|x64
		Debug|x86 = Debug|x86
		Release|x64 = Release|x64
		Release|x86 = Release|x86
	EndGlobalSection
	GlobalSection(ProjectConfigurationPlatforms) = postSolution
		{3F0B5D9E-2093-4738-8BB6-F792CDF647B8}.Debug|x64.ActiveCfg = Debug|x64
		{3F0B5D9E-2093-4738-8BB6-F792CDF647B8}.Debug|x64.Build.0 = Debug|x64
		{3F0B5D9E-2093-4738-8BB6-F792CDF647B8}.Debug|x86.ActiveCfg = Debug|Win32
		{3F0B5D9E-2093-4738-8BB6-F792CDF647B8}.Debug|x86.Build.0 = Debug|Win32
		{3F0B5D9E-2093-4738-8BB6-F792CDF647B8}.Release|x64.ActiveCfg = Release|x64
		{3F0B5D9E-2093-4738-8BB6-F792CDF647B8}.Release|x64.Build.0 = Release|x64
		{3F0B5D9E-2093-4738-8BB6-F792CDF647B8}.Release|x86.ActiveCfg = Release|Win32
		{3F0B5D9E-2093-4738-8BB6-F792CDF647B8}.Release|x86.Build.0 = Release|Win32
		{2E09A753-3084-4C98-A6B2-EAB18911A2F7}.Debug|x64.ActiveCfg = Debug|x64
		{2E09A753-3084-4C98-A6B2-EAB18911A2F7}.Debug|x64.Build.0 = Debug|x64
		{2E09A753-3084-4C98-A6B2-EAB18911A2F7}.Debug|x86.ActiveCfg = Debug|Win32
		{2E09A753-3084-4C98-A6B2-EAB18911A2F7}.Debug|x86.Build.0 = Debug|Win32
		{2E09A753-3084-4C98-A6B2-EAB18911A2F7}.Release|x64.ActiveCfg = Release|x64
		{2E09A753-3084-4C98-A6B2-EAB18911A2F7}.Release|x64.Build.0 = Release|x64
		{2E09A753-3084-4C98-A6B2-EAB18911A2F7}.Release|x86.ActiveCfg = Release|Win32
		{2E09A753-3084-4C98-A6B2-EAB18911A2F7}.Release|x86.Build.0 = Release|Win32
		{D174040A-9EA1-441C-B706-6DC272F19CCA}.Debug|x64.ActiveCfg = Debug|x64
		{D174040A-9EA1-441C-B706-6DC272F19CCA}.Debug|x64.Build.0 = Debug|x64
		{D174040A-9EA1-441C-B706-6DC272F19CCA}.Debug|x86.ActiveCfg = Debug|Win32
		{D174040A-9EA1-441C-B706-6DC272F19CCA}.Debug|x86.Build.0 = Debug|Win32
		{D174040A-9EA1-441C-B706-6DC272F19CCA}.Release|x64.ActiveCfg = Release|x64
		{D174040A-9EA1-441C-B706-6DC272F19CCA}.Release|x64.Build.0 = Release|x64
		{D174040A-9EA1-441C-B706-6DC272F19CCA}.Release|x86.ActiveCfg = Release|Win32
		{D174040A-9EA1-441C-B706-6DC272F19CCA}.Release|x86.Build.0 = Release|Win32
		{B7DD0AB3-1B52-4A05-93D6-3123BC2213CF}.Debug|x64.ActiveCfg = Debug|x64
		{B7DD0AB3-1B52-4A05-93D6-3123BC2213CF}.Debug|x64.Build.0 = Debug|x64
		{B7DD0AB3-1B52-4A05-93D6-3123BC2213CF}.Debug|x86.ActiveCfg = Debug|Win32
		{B7DD0AB3-1B52-4A05-93D6-3123BC2213CF}.Debug|x86.Build.0 = Debug|Win32
		{B7DD0AB3-1B52-4A05-93D6-3123BC2213CF}.Release|x64.ActiveCfg = Release|x64
		{B7DD0AB3-1B52-4A05-93D6-3123BC2213CF}.Release|x64.Build.0 = Release|x64
		{B7DD0AB3-1B52-4A05-93D6-3123BC2213CF}.Release|x86.ActiveCfg = Release|Win32
		{B7DD0AB3-1B52-4A05-93D6-3123BC2213CF}.Release|x86.Build.0 = Release|Win32
		{8BFAFF4D-36D7-4B42-A942-6DBA70A0792C}.Debug|x64.ActiveCfg = Debug|x64
		{8BFAFF4D-36D7-4B42-A942-6DBA70A0792C}.Debug|x64.Build.0 = Debug|x64
		{8BFAFF4D-36D7-4B42-A942-6DBA70A0792C}.Debug|x86.ActiveCfg = Debug|Win32
		{8BFAFF4D-36D7-4B42-A942-6DBA70A0792C}.Debug|x86.Build.0 = Debug|Win32
		{8BFAFF4D-36D7-4B42-A942-6DBA70A0792C}.Release|x64.ActiveCfg = Release|x64
		{8BFAFF4D-36D7-4B42-A942-6DBA70A0792C}.Release|x64.Build.0 = Release|x64
		{8BFAFF4D-36D7-4B42-A942-6DBA70A0792C}.Release|x86.ActiveCfg = Release|Win32
		{8BFAFF4D-36D7-4B42-A942-6DBA70A0792C}.Release|x86.Build.0 = Release|Win32
		{263A328F-E0A4-428A-BB57-8EFDE6EE00B0}.Debug|x64.ActiveCfg = Debug|x64
		{263A328F-E0A4-428A-BB57-8EFDE6EE00B0}.Debug|x64.Build.0 = Debug|x64
		{263A328F-E0A4-428A-BB57-8EFDE6EE00B0}.Debug|x86.ActiveCfg = Debug|Win32
		{263A328F-E0A4-428A-BB57-8EFDE6EE00B0}.Debug|x86.Build.0 = Debug|Win32
		{263A328F-E0A4-428A-BB57-8EFDE6EE00B0}.Release|x64.ActiveCfg = Release|x64
		{263A328F-E0A4-428A-BB57-8EFDE6EE00B0}.Release|x64.Build.0 = Release|x64
		{263A328F-E0A4-428A-BB57-8EFDE6EE00B0}.Release|x86.ActiveCfg = Release|Win32
		{263A328F-E0A4-428A-BB57-8EFDE6EE00B0}.Release|x86.Build.0 = Release|Win32
	EndGlobalSection
	GlobalSection(SolutionProperties) = preSolution
		HideSolutionNode = FALSE
	EndGlobalSection
	GlobalSection(NestedProjects) = preSolution
		{3F0B5D9E-2093-4738-8BB6-F792CDF647B8} = {209A5815-3025-4981-9EDC-B3810EC7B780}
		{2E09A753-3084-4C98-A6B2-EAB18911A2F7} = {209A5815-3025-4981-9EDC-B3810EC7B780}
		{D174040A-9EA1-441C-B706-6DC272F19CCA} = {209A5815-3025-4981-9EDC-B3810EC7B780}
		{B7DD0AB3-1B52-4A05-93D6-3123BC2213CF} = {209A5815-3025-4981-9EDC-B3810EC7B780}
		{8BFAFF4D-36D7-4B42-A942-6DBA70A0792C} = {209A5815-3025-4981-9EDC-B3810EC7B780}
		{263A328F-E0A4-428A-BB57-8EFDE6EE00B0} = {11901C8D-EAF7-4A6B-A8DC-7B6387D91DDF}
	EndGlobalSection
	GlobalSection(ExtensibilityGlobals) = postSolution
		SolutionGuid = {0A9115A7-7107-405D-A511-73BFF191B6B6}
	EndGlobalSection
EndGlobal
