<?xml version="1.0" encoding="utf-8"?>
<Project ToolsVersion="4.0" xmlns="http://schemas.microsoft.com/developer/msbuild/2003">
  <ItemGroup>
    <ClCompile Include="CarDerby.cpp" />
    <ClCompile Include="Enemy.cpp" />
    <ClCompile Include="Main.cpp" />
    <ClCompile Include="Player.cpp" />
  </ItemGroup>
  <ItemGroup>
    <ClInclude Include="CarDerby.h" />
    <ClInclude Include="Enemy..h" />
    <ClInclude Include="Player.h" />
  </ItemGroup>
  <ItemGroup>
    <Filter Include="Resource">
      <UniqueIdentifier>{e499ab85-cace-46ca-bd7f-12a99f6f5104}</UniqueIdentifier>
    </Filter>
  </ItemGroup>
  <ItemGroup>
    <None Include="..\..\..\Build\Assets\CarDerby\Scenes\CarDerbyScene.json">
      <Filter>Resource</Filter>
    </None>
  </ItemGroup>
</Project>